
Microsoft Visual Studio Solution File, Format Version 12.00
# Visual Studio Version 16
VisualStudioVersion = 16.0.30320.27
MinimumVisualStudioVersion = 10.0.40219.1
Project("{2150E333-8FDC-42A3-9474-1A3956D46DE8}") = "src", "src", "{981BA177-2027-400B-A125-2EA62AD91BFC}"
EndProject
Project("{2150E333-8FDC-42A3-9474-1A3956D46DE8}") = "tests", "tests", "{AFBDA39F-7B6C-400D-A18D-73BEFA7D21EE}"
EndProject
Project("{2150E333-8FDC-42A3-9474-1A3956D46DE8}") = "Presentation", "Presentation", "{239EF7A3-FEF9-4C8E-88A0-A8ED45DEDD0F}"
EndProject
Project("{9A19103F-16F7-4668-BE54-9A1E7A4F7556}") = "DL.NetCore.EmptySolution.Web.UI", "src\Presentation\DL.NetCore.EmptySolution.Web.UI\DL.NetCore.EmptySolution.Web.UI.csproj", "{A2C7E8A6-66BC-4525-A3D7-76A6481072F6}"
EndProject
Project("{2150E333-8FDC-42A3-9474-1A3956D46DE8}") = "global", "global", "{9F064ACC-E7CB-49E4-9AF7-323635A4A249}"
	ProjectSection(SolutionItems) = preProject
		.gitattributes = .gitattributes
		.gitignore = .gitignore
		README.md = README.md
	EndProjectSection
EndProject
Global
	GlobalSection(SolutionConfigurationPlatforms) = preSolution
		Debug|Any CPU = Debug|Any CPU
		Release|Any CPU = Release|Any CPU
	EndGlobalSection
	GlobalSection(ProjectConfigurationPlatforms) = postSolution
		{A2C7E8A6-66BC-4525-A3D7-76A6481072F6}.Debug|Any CPU.ActiveCfg = Debug|Any CPU
		{A2C7E8A6-66BC-4525-A3D7-76A6481072F6}.Debug|Any CPU.Build.0 = Debug|Any CPU
		{A2C7E8A6-66BC-4525-A3D7-76A6481072F6}.Release|Any CPU.ActiveCfg = Release|Any CPU
		{A2C7E8A6-66BC-4525-A3D7-76A6481072F6}.Release|Any CPU.Build.0 = Release|Any CPU
	EndGlobalSection
	GlobalSection(SolutionProperties) = preSolution
		HideSolutionNode = FALSE
	EndGlobalSection
	GlobalSection(NestedProjects) = preSolution
		{239EF7A3-FEF9-4C8E-88A0-A8ED45DEDD0F} = {981BA177-2027-400B-A125-2EA62AD91BFC}
		{A2C7E8A6-66BC-4525-A3D7-76A6481072F6} = {239EF7A3-FEF9-4C8E-88A0-A8ED45DEDD0F}
	EndGlobalSection
	GlobalSection(ExtensibilityGlobals) = postSolution
		SolutionGuid = {D2298742-3D26-4BA3-8B55-847367E5941D}
	EndGlobalSection
EndGlobal
