
Microsoft Visual Studio Solution File, Format Version 12.00
# Visual Studio Version 16
VisualStudioVersion = 16.0.30320.27
MinimumVisualStudioVersion = 10.0.40219.1
Project("{2150E333-8FDC-42A3-9474-1A3956D46DE8}") = "src", "src", "{981BA177-2027-400B-A125-2EA62AD91BFC}"
EndProject
Project("{2150E333-8FDC-42A3-9474-1A3956D46DE8}") = "tests", "tests", "{AFBDA39F-7B6C-400D-A18D-73BEFA7D21EE}"
EndProject
Project("{2150E333-8FDC-42A3-9474-1A3956D46DE8}") = "Presentation", "Presentation", "{239EF7A3-FEF9-4C8E-88A0-A8ED45DEDD0F}"
EndProject
Project("{9A19103F-16F7-4668-BE54-9A1E7A4F7556}") = "DL.NetCore.EmptySolution.Web.UI", "src\Presentation\DL.NetCore.EmptySolution.Web.UI\DL.NetCore.EmptySolution.Web.UI.csproj", "{A2C7E8A6-66BC-4525-A3D7-76A6481072F6}"
EndProject
Project("{2150E333-8FDC-42A3-9474-1A3956D46DE8}") = "global", "global", "{9F064ACC-E7CB-49E4-9AF7-323635A4A249}"
	ProjectSection(SolutionItems) = preProject
		.gitattributes = .gitattributes
		.gitignore = .gitignore
		README.md = README.md
	EndProjectSection
EndProject
Project("{2150E333-8FDC-42A3-9474-1A3956D46DE8}") = "Infrastructure", "Infrastructure", "{4CF2BC40-34B5-44BB-971D-68445B8A41D6}"
EndProject
Project("{9A19103F-16F7-4668-BE54-9A1E7A4F7556}") = "DL.NetCore.EmptySolution.Web.Common", "src\Presentation\DL.NetCore.EmptySolution.Web.Common\DL.NetCore.EmptySolution.Web.Common.csproj", "{1AC3B5CD-C2E6-41BF-8CDF-395E9C49BE85}"
EndProject
Project("{2150E333-8FDC-42A3-9474-1A3956D46DE8}") = "Domain", "Domain", "{664C82EF-1EFE-4480-A9B4-F39EBA3EE4B5}"
EndProject
Project("{FAE04EC0-301F-11D3-BF4B-00C04F79EFBC}") = "DL.NetCore.EmptySolution.Domain.SocialRelationship", "src\Domain\DL.NetCore.EmptySolution.Domain.SocialRelationship\DL.NetCore.EmptySolution.Domain.SocialRelationship.csproj", "{B9C25E07-F020-4796-BA94-E4BE0F1EB26A}"
EndProject
Project("{2150E333-8FDC-42A3-9474-1A3956D46DE8}") = "Data", "Data", "{C3608D76-44A0-4D47-97F2-D29BE3D94A7B}"
EndProject
Project("{FAE04EC0-301F-11D3-BF4B-00C04F79EFBC}") = "DL.NetCore.EmptySolution.Data.EFCore", "src\Data\DL.NetCore.EmptySolution.Data.EFCore\DL.NetCore.EmptySolution.Data.EFCore.csproj", "{0B6565C0-6F51-4557-85C6-8E75B4C9399B}"
EndProject
Global
	GlobalSection(SolutionConfigurationPlatforms) = preSolution
		Debug|Any CPU = Debug|Any CPU
		Release|Any CPU = Release|Any CPU
	EndGlobalSection
	GlobalSection(ProjectConfigurationPlatforms) = postSolution
		{A2C7E8A6-66BC-4525-A3D7-76A6481072F6}.Debug|Any CPU.ActiveCfg = Debug|Any CPU
		{A2C7E8A6-66BC-4525-A3D7-76A6481072F6}.Debug|Any CPU.Build.0 = Debug|Any CPU
		{A2C7E8A6-66BC-4525-A3D7-76A6481072F6}.Release|Any CPU.ActiveCfg = Release|Any CPU
		{A2C7E8A6-66BC-4525-A3D7-76A6481072F6}.Release|Any CPU.Build.0 = Release|Any CPU
		{1AC3B5CD-C2E6-41BF-8CDF-395E9C49BE85}.Debug|Any CPU.ActiveCfg = Debug|Any CPU
		{1AC3B5CD-C2E6-41BF-8CDF-395E9C49BE85}.Debug|Any CPU.Build.0 = Debug|Any CPU
		{1AC3B5CD-C2E6-41BF-8CDF-395E9C49BE85}.Release|Any CPU.ActiveCfg = Release|Any CPU
		{1AC3B5CD-C2E6-41BF-8CDF-395E9C49BE85}.Release|Any CPU.Build.0 = Release|Any CPU
		{B9C25E07-F020-4796-BA94-E4BE0F1EB26A}.Debug|Any CPU.ActiveCfg = Debug|Any CPU
		{B9C25E07-F020-4796-BA94-E4BE0F1EB26A}.Debug|Any CPU.Build.0 = Debug|Any CPU
		{B9C25E07-F020-4796-BA94-E4BE0F1EB26A}.Release|Any CPU.ActiveCfg = Release|Any CPU
		{B9C25E07-F020-4796-BA94-E4BE0F1EB26A}.Release|Any CPU.Build.0 = Release|Any CPU
		{0B6565C0-6F51-4557-85C6-8E75B4C9399B}.Debug|Any CPU.ActiveCfg = Debug|Any CPU
		{0B6565C0-6F51-4557-85C6-8E75B4C9399B}.Debug|Any CPU.Build.0 = Debug|Any CPU
		{0B6565C0-6F51-4557-85C6-8E75B4C9399B}.Release|Any CPU.ActiveCfg = Release|Any CPU
		{0B6565C0-6F51-4557-85C6-8E75B4C9399B}.Release|Any CPU.Build.0 = Release|Any CPU
	EndGlobalSection
	GlobalSection(SolutionProperties) = preSolution
		HideSolutionNode = FALSE
	EndGlobalSection
	GlobalSection(NestedProjects) = preSolution
		{239EF7A3-FEF9-4C8E-88A0-A8ED45DEDD0F} = {981BA177-2027-400B-A125-2EA62AD91BFC}
		{A2C7E8A6-66BC-4525-A3D7-76A6481072F6} = {239EF7A3-FEF9-4C8E-88A0-A8ED45DEDD0F}
		{4CF2BC40-34B5-44BB-971D-68445B8A41D6} = {981BA177-2027-400B-A125-2EA62AD91BFC}
		{1AC3B5CD-C2E6-41BF-8CDF-395E9C49BE85} = {239EF7A3-FEF9-4C8E-88A0-A8ED45DEDD0F}
		{664C82EF-1EFE-4480-A9B4-F39EBA3EE4B5} = {981BA177-2027-400B-A125-2EA62AD91BFC}
		{B9C25E07-F020-4796-BA94-E4BE0F1EB26A} = {664C82EF-1EFE-4480-A9B4-F39EBA3EE4B5}
		{C3608D76-44A0-4D47-97F2-D29BE3D94A7B} = {981BA177-2027-400B-A125-2EA62AD91BFC}
		{0B6565C0-6F51-4557-85C6-8E75B4C9399B} = {C3608D76-44A0-4D47-97F2-D29BE3D94A7B}
	EndGlobalSection
	GlobalSection(ExtensibilityGlobals) = postSolution
		SolutionGuid = {D2298742-3D26-4BA3-8B55-847367E5941D}
	EndGlobalSection
EndGlobal
